<?xml version="1.0" encoding="utf-8"?>
<Project ToolsVersion="4.0" xmlns="http://schemas.microsoft.com/developer/msbuild/2003">
  <ItemGroup>
    <Filter Include="TCP_Server">
      <UniqueIdentifier>{11ab374f-8c3f-470b-a324-c51abd8c89c6}</UniqueIdentifier>
    </Filter>
    <Filter Include="System">
      <UniqueIdentifier>{d7298eda-705a-4e45-8a69-f3ad7cb7f4ac}</UniqueIdentifier>
    </Filter>
    <Filter Include="Timer">
      <UniqueIdentifier>{ee85c063-0020-4bf3-aa9a-0bad2716533d}</UniqueIdentifier>
    </Filter>
    <Filter Include="PCH">
      <UniqueIdentifier>{50998d85-b6c4-41fe-bd73-df642f969f0e}</UniqueIdentifier>
    </Filter>
    <Filter Include="System\Log">
      <UniqueIdentifier>{bf417eae-8dfe-45fc-ab00-1cf08c56d1fb}</UniqueIdentifier>
    </Filter>
    <Filter Include="TCP_Client">
      <UniqueIdentifier>{a7717f82-ac7c-495b-9eb1-5833a67e211e}</UniqueIdentifier>
    </Filter>
  </ItemGroup>
  <ItemGroup>
    <ClCompile Include="YCServer.cpp">
      <Filter>TCP_Server</Filter>
    </ClCompile>
    <ClCompile Include="YCTime.cpp">
      <Filter>Timer</Filter>
    </ClCompile>
    <ClCompile Include="YCUser.cpp" />
    <ClCompile Include="YCSync.cpp" />
    <ClCompile Include="YCSend.cpp" />
    <ClCompile Include="YCPacket.cpp">
      <Filter>TCP_Server</Filter>
    </ClCompile>
    <ClCompile Include="YCClient.cpp">
      <Filter>TCP_Client</Filter>
    </ClCompile>
    <ClCompile Include="pch.cpp">
      <Filter>PCH</Filter>
    </ClCompile>
  </ItemGroup>
  <ItemGroup>
    <ClInclude Include="YCServer.h">
      <Filter>TCP_Server</Filter>
    </ClInclude>
    <ClInclude Include="YCPacket.h">
      <Filter>TCP_Server</Filter>
    </ClInclude>
    <ClInclude Include="YCTime.h">
      <Filter>Timer</Filter>
    </ClInclude>
    <ClInclude Include="YCUser.h" />
    <ClInclude Include="IBehavior.h" />
    <ClInclude Include="YC_LOG.h">
      <Filter>System\Log</Filter>
    </ClInclude>
    <ClInclude Include="YCSetting.h">
      <Filter>System</Filter>
    </ClInclude>
    <ClInclude Include="Functional.h">
      <Filter>System</Filter>
    </ClInclude>
    <ClInclude Include="PROP.h">
      <Filter>System</Filter>
    </ClInclude>
    <ClInclude Include="Vec2.h">
      <Filter>System</Filter>
    </ClInclude>
    <ClInclude Include="YCSync.h" />
    <ClInclude Include="YCMempool.h" />
    <ClInclude Include="YCStack.h" />
    <ClInclude Include="YCSend.h" />
    <ClInclude Include="YCClient.h">
      <Filter>TCP_Client</Filter>
    </ClInclude>
    <ClInclude Include="pch.h">
      <Filter>PCH</Filter>
    </ClInclude>
  </ItemGroup>
</Project>